
Microsoft Visual Studio Solution File, Format Version 12.00
# Visual Studio Version 17
VisualStudioVersion = 17.0.31903.59
MinimumVisualStudioVersion = 10.0.40219.1
Project("{2150E333-8FDC-42A3-9474-1A3956D46DE8}") = "1000-aula-um", "1000-aula-um", "{C75C20B4-D3FE-4827-D286-EC8CA2010D11}"
EndProject
Project("{FAE04EC0-301F-11D3-BF4B-00C04F79EFBC}") = "Projeto.Core", "1000-aula-um\Projeto.Core\Projeto.Core.csproj", "{AAA31359-1121-4104-9583-E39FE16CAB7B}"
EndProject
Project("{2150E333-8FDC-42A3-9474-1A3956D46DE8}") = "1001-aula-dois", "1001-aula-dois", "{2C86423F-A6C6-4E5E-548A-1E9DAD63F511}"
EndProject
Project("{FAE04EC0-301F-11D3-BF4B-00C04F79EFBC}") = "Projeto.Core", "1001-aula-dois\Projeto.Core\Projeto.Core.csproj", "{700D1B62-DC35-41B7-9ED8-359ADE8FE142}"
EndProject
Global
	GlobalSection(SolutionConfigurationPlatforms) = preSolution
		Debug|Any CPU = Debug|Any CPU
		Debug|x64 = Debug|x64
		Debug|x86 = Debug|x86
		Release|Any CPU = Release|Any CPU
		Release|x64 = Release|x64
		Release|x86 = Release|x86
	EndGlobalSection
	GlobalSection(ProjectConfigurationPlatforms) = postSolution
		{AAA31359-1121-4104-9583-E39FE16CAB7B}.Debug|Any CPU.ActiveCfg = Debug|Any CPU
		{AAA31359-1121-4104-9583-E39FE16CAB7B}.Debug|Any CPU.Build.0 = Debug|Any CPU
		{AAA31359-1121-4104-9583-E39FE16CAB7B}.Debug|x64.ActiveCfg = Debug|Any CPU
		{AAA31359-1121-4104-9583-E39FE16CAB7B}.Debug|x64.Build.0 = Debug|Any CPU
		{AAA31359-1121-4104-9583-E39FE16CAB7B}.Debug|x86.ActiveCfg = Debug|Any CPU
		{AAA31359-1121-4104-9583-E39FE16CAB7B}.Debug|x86.Build.0 = Debug|Any CPU
		{AAA31359-1121-4104-9583-E39FE16CAB7B}.Release|Any CPU.ActiveCfg = Release|Any CPU
		{AAA31359-1121-4104-9583-E39FE16CAB7B}.Release|Any CPU.Build.0 = Release|Any CPU
		{AAA31359-1121-4104-9583-E39FE16CAB7B}.Release|x64.ActiveCfg = Release|Any CPU
		{AAA31359-1121-4104-9583-E39FE16CAB7B}.Release|x64.Build.0 = Release|Any CPU
		{AAA31359-1121-4104-9583-E39FE16CAB7B}.Release|x86.ActiveCfg = Release|Any CPU
		{AAA31359-1121-4104-9583-E39FE16CAB7B}.Release|x86.Build.0 = Release|Any CPU
		{700D1B62-DC35-41B7-9ED8-359ADE8FE142}.Debug|Any CPU.ActiveCfg = Debug|Any CPU
		{700D1B62-DC35-41B7-9ED8-359ADE8FE142}.Debug|Any CPU.Build.0 = Debug|Any CPU
		{700D1B62-DC35-41B7-9ED8-359ADE8FE142}.Debug|x64.ActiveCfg = Debug|Any CPU
		{700D1B62-DC35-41B7-9ED8-359ADE8FE142}.Debug|x64.Build.0 = Debug|Any CPU
		{700D1B62-DC35-41B7-9ED8-359ADE8FE142}.Debug|x86.ActiveCfg = Debug|Any CPU
		{700D1B62-DC35-41B7-9ED8-359ADE8FE142}.Debug|x86.Build.0 = Debug|Any CPU
		{700D1B62-DC35-41B7-9ED8-359ADE8FE142}.Release|Any CPU.ActiveCfg = Release|Any CPU
		{700D1B62-DC35-41B7-9ED8-359ADE8FE142}.Release|Any CPU.Build.0 = Release|Any CPU
		{700D1B62-DC35-41B7-9ED8-359ADE8FE142}.Release|x64.ActiveCfg = Release|Any CPU
		{700D1B62-DC35-41B7-9ED8-359ADE8FE142}.Release|x64.Build.0 = Release|Any CPU
		{700D1B62-DC35-41B7-9ED8-359ADE8FE142}.Release|x86.ActiveCfg = Release|Any CPU
		{700D1B62-DC35-41B7-9ED8-359ADE8FE142}.Release|x86.Build.0 = Release|Any CPU
	EndGlobalSection
	GlobalSection(SolutionProperties) = preSolution
		HideSolutionNode = FALSE
	EndGlobalSection
	GlobalSection(NestedProjects) = preSolution
		{AAA31359-1121-4104-9583-E39FE16CAB7B} = {C75C20B4-D3FE-4827-D286-EC8CA2010D11}
		{700D1B62-DC35-41B7-9ED8-359ADE8FE142} = {2C86423F-A6C6-4E5E-548A-1E9DAD63F511}
	EndGlobalSection
EndGlobal
