
Microsoft Visual Studio Solution File, Format Version 12.00
# Visual Studio Version 17
VisualStudioVersion = 17.0.31903.59
MinimumVisualStudioVersion = 10.0.40219.1
Project("{2150E333-8FDC-42A3-9474-1A3956D46DE8}") = "1000-aula-um", "1000-aula-um", "{C75C20B4-D3FE-4827-D286-EC8CA2010D11}"
EndProject
Project("{FAE04EC0-301F-11D3-BF4B-00C04F79EFBC}") = "Projeto.Core", "1000-aula-um\Projeto.Core\Projeto.Core.csproj", "{AAA31359-1121-4104-9583-E39FE16CAB7B}"
EndProject
Project("{2150E333-8FDC-42A3-9474-1A3956D46DE8}") = "1001-aula-dois", "1001-aula-dois", "{2C86423F-A6C6-4E5E-548A-1E9DAD63F511}"
EndProject
Project("{FAE04EC0-301F-11D3-BF4B-00C04F79EFBC}") = "Projeto.Core", "1001-aula-dois\Projeto.Core\Projeto.Core.csproj", "{700D1B62-DC35-41B7-9ED8-359ADE8FE142}"
EndProject
Project("{FAE04EC0-301F-11D3-BF4B-00C04F79EFBC}") = "Projeto-1.Core", "1001-aula-dois\Projeto-1.Core\Projeto-1.Core.csproj", "{684F43C3-473B-40F5-8D88-6920F8DAA597}"
EndProject
Project("{FAE04EC0-301F-11D3-BF4B-00C04F79EFBC}") = "JogoDesafio.Core", "1001-aula-dois\JogoDesafio.Core\JogoDesafio.Core.csproj", "{5D3D8562-0FB3-4063-9E8C-1AC9F92CC027}"
EndProject
Project("{2150E333-8FDC-42A3-9474-1A3956D46DE8}") = "1002-aula-tres", "1002-aula-tres", "{3E64CF3D-4175-32AC-945D-B4A323994D08}"
EndProject
Project("{FAE04EC0-301F-11D3-BF4B-00C04F79EFBC}") = "Projeto.Core", "1002-aula-tres\Projeto.Core\Projeto.Core.csproj", "{22D4D7E6-3B48-4F04-9B96-1D2C7B402453}"
EndProject
Project("{FAE04EC0-301F-11D3-BF4B-00C04F79EFBC}") = "Desafio.Core", "1002-aula-tres\Desafio.Core\Desafio.Core.csproj", "{3BB4186C-2F27-4CC1-A253-6D31DBA4116E}"
EndProject
Project("{FAE04EC0-301F-11D3-BF4B-00C04F79EFBC}") = "Projeto-numeroPar.Core", "1002-aula-tres\Projeto-numeroPar.Core\Projeto-numeroPar.Core.csproj", "{EC49FB3F-1484-42CE-8F89-D16166F9A2DE}"
EndProject
Project("{2150E333-8FDC-42A3-9474-1A3956D46DE8}") = "1003-aula-quatro", "1003-aula-quatro", "{00D44A39-0BFD-8425-25C4-19319B8596CD}"
EndProject
Project("{FAE04EC0-301F-11D3-BF4B-00C04F79EFBC}") = "Projeto.Core", "1003-aula-quatro\Projeto.Core\Projeto.Core.csproj", "{345991B8-71E9-4E5F-99D2-DFBE79AAE864}"
EndProject
Global
	GlobalSection(SolutionConfigurationPlatforms) = preSolution
		Debug|Any CPU = Debug|Any CPU
		Debug|x64 = Debug|x64
		Debug|x86 = Debug|x86
		Release|Any CPU = Release|Any CPU
		Release|x64 = Release|x64
		Release|x86 = Release|x86
	EndGlobalSection
	GlobalSection(ProjectConfigurationPlatforms) = postSolution
		{AAA31359-1121-4104-9583-E39FE16CAB7B}.Debug|Any CPU.ActiveCfg = Debug|Any CPU
		{AAA31359-1121-4104-9583-E39FE16CAB7B}.Debug|Any CPU.Build.0 = Debug|Any CPU
		{AAA31359-1121-4104-9583-E39FE16CAB7B}.Debug|x64.ActiveCfg = Debug|Any CPU
		{AAA31359-1121-4104-9583-E39FE16CAB7B}.Debug|x64.Build.0 = Debug|Any CPU
		{AAA31359-1121-4104-9583-E39FE16CAB7B}.Debug|x86.ActiveCfg = Debug|Any CPU
		{AAA31359-1121-4104-9583-E39FE16CAB7B}.Debug|x86.Build.0 = Debug|Any CPU
		{AAA31359-1121-4104-9583-E39FE16CAB7B}.Release|Any CPU.ActiveCfg = Release|Any CPU
		{AAA31359-1121-4104-9583-E39FE16CAB7B}.Release|Any CPU.Build.0 = Release|Any CPU
		{AAA31359-1121-4104-9583-E39FE16CAB7B}.Release|x64.ActiveCfg = Release|Any CPU
		{AAA31359-1121-4104-9583-E39FE16CAB7B}.Release|x64.Build.0 = Release|Any CPU
		{AAA31359-1121-4104-9583-E39FE16CAB7B}.Release|x86.ActiveCfg = Release|Any CPU
		{AAA31359-1121-4104-9583-E39FE16CAB7B}.Release|x86.Build.0 = Release|Any CPU
		{700D1B62-DC35-41B7-9ED8-359ADE8FE142}.Debug|Any CPU.ActiveCfg = Debug|Any CPU
		{700D1B62-DC35-41B7-9ED8-359ADE8FE142}.Debug|Any CPU.Build.0 = Debug|Any CPU
		{700D1B62-DC35-41B7-9ED8-359ADE8FE142}.Debug|x64.ActiveCfg = Debug|Any CPU
		{700D1B62-DC35-41B7-9ED8-359ADE8FE142}.Debug|x64.Build.0 = Debug|Any CPU
		{700D1B62-DC35-41B7-9ED8-359ADE8FE142}.Debug|x86.ActiveCfg = Debug|Any CPU
		{700D1B62-DC35-41B7-9ED8-359ADE8FE142}.Debug|x86.Build.0 = Debug|Any CPU
		{700D1B62-DC35-41B7-9ED8-359ADE8FE142}.Release|Any CPU.ActiveCfg = Release|Any CPU
		{700D1B62-DC35-41B7-9ED8-359ADE8FE142}.Release|Any CPU.Build.0 = Release|Any CPU
		{700D1B62-DC35-41B7-9ED8-359ADE8FE142}.Release|x64.ActiveCfg = Release|Any CPU
		{700D1B62-DC35-41B7-9ED8-359ADE8FE142}.Release|x64.Build.0 = Release|Any CPU
		{700D1B62-DC35-41B7-9ED8-359ADE8FE142}.Release|x86.ActiveCfg = Release|Any CPU
		{700D1B62-DC35-41B7-9ED8-359ADE8FE142}.Release|x86.Build.0 = Release|Any CPU
		{684F43C3-473B-40F5-8D88-6920F8DAA597}.Debug|Any CPU.ActiveCfg = Debug|Any CPU
		{684F43C3-473B-40F5-8D88-6920F8DAA597}.Debug|Any CPU.Build.0 = Debug|Any CPU
		{684F43C3-473B-40F5-8D88-6920F8DAA597}.Debug|x64.ActiveCfg = Debug|Any CPU
		{684F43C3-473B-40F5-8D88-6920F8DAA597}.Debug|x64.Build.0 = Debug|Any CPU
		{684F43C3-473B-40F5-8D88-6920F8DAA597}.Debug|x86.ActiveCfg = Debug|Any CPU
		{684F43C3-473B-40F5-8D88-6920F8DAA597}.Debug|x86.Build.0 = Debug|Any CPU
		{684F43C3-473B-40F5-8D88-6920F8DAA597}.Release|Any CPU.ActiveCfg = Release|Any CPU
		{684F43C3-473B-40F5-8D88-6920F8DAA597}.Release|Any CPU.Build.0 = Release|Any CPU
		{684F43C3-473B-40F5-8D88-6920F8DAA597}.Release|x64.ActiveCfg = Release|Any CPU
		{684F43C3-473B-40F5-8D88-6920F8DAA597}.Release|x64.Build.0 = Release|Any CPU
		{684F43C3-473B-40F5-8D88-6920F8DAA597}.Release|x86.ActiveCfg = Release|Any CPU
		{684F43C3-473B-40F5-8D88-6920F8DAA597}.Release|x86.Build.0 = Release|Any CPU
		{5D3D8562-0FB3-4063-9E8C-1AC9F92CC027}.Debug|Any CPU.ActiveCfg = Debug|Any CPU
		{5D3D8562-0FB3-4063-9E8C-1AC9F92CC027}.Debug|Any CPU.Build.0 = Debug|Any CPU
		{5D3D8562-0FB3-4063-9E8C-1AC9F92CC027}.Debug|x64.ActiveCfg = Debug|Any CPU
		{5D3D8562-0FB3-4063-9E8C-1AC9F92CC027}.Debug|x64.Build.0 = Debug|Any CPU
		{5D3D8562-0FB3-4063-9E8C-1AC9F92CC027}.Debug|x86.ActiveCfg = Debug|Any CPU
		{5D3D8562-0FB3-4063-9E8C-1AC9F92CC027}.Debug|x86.Build.0 = Debug|Any CPU
		{5D3D8562-0FB3-4063-9E8C-1AC9F92CC027}.Release|Any CPU.ActiveCfg = Release|Any CPU
		{5D3D8562-0FB3-4063-9E8C-1AC9F92CC027}.Release|Any CPU.Build.0 = Release|Any CPU
		{5D3D8562-0FB3-4063-9E8C-1AC9F92CC027}.Release|x64.ActiveCfg = Release|Any CPU
		{5D3D8562-0FB3-4063-9E8C-1AC9F92CC027}.Release|x64.Build.0 = Release|Any CPU
		{5D3D8562-0FB3-4063-9E8C-1AC9F92CC027}.Release|x86.ActiveCfg = Release|Any CPU
		{5D3D8562-0FB3-4063-9E8C-1AC9F92CC027}.Release|x86.Build.0 = Release|Any CPU
		{22D4D7E6-3B48-4F04-9B96-1D2C7B402453}.Debug|Any CPU.ActiveCfg = Debug|Any CPU
		{22D4D7E6-3B48-4F04-9B96-1D2C7B402453}.Debug|Any CPU.Build.0 = Debug|Any CPU
		{22D4D7E6-3B48-4F04-9B96-1D2C7B402453}.Debug|x64.ActiveCfg = Debug|Any CPU
		{22D4D7E6-3B48-4F04-9B96-1D2C7B402453}.Debug|x64.Build.0 = Debug|Any CPU
		{22D4D7E6-3B48-4F04-9B96-1D2C7B402453}.Debug|x86.ActiveCfg = Debug|Any CPU
		{22D4D7E6-3B48-4F04-9B96-1D2C7B402453}.Debug|x86.Build.0 = Debug|Any CPU
		{22D4D7E6-3B48-4F04-9B96-1D2C7B402453}.Release|Any CPU.ActiveCfg = Release|Any CPU
		{22D4D7E6-3B48-4F04-9B96-1D2C7B402453}.Release|Any CPU.Build.0 = Release|Any CPU
		{22D4D7E6-3B48-4F04-9B96-1D2C7B402453}.Release|x64.ActiveCfg = Release|Any CPU
		{22D4D7E6-3B48-4F04-9B96-1D2C7B402453}.Release|x64.Build.0 = Release|Any CPU
		{22D4D7E6-3B48-4F04-9B96-1D2C7B402453}.Release|x86.ActiveCfg = Release|Any CPU
		{22D4D7E6-3B48-4F04-9B96-1D2C7B402453}.Release|x86.Build.0 = Release|Any CPU
		{3BB4186C-2F27-4CC1-A253-6D31DBA4116E}.Debug|Any CPU.ActiveCfg = Debug|Any CPU
		{3BB4186C-2F27-4CC1-A253-6D31DBA4116E}.Debug|Any CPU.Build.0 = Debug|Any CPU
		{3BB4186C-2F27-4CC1-A253-6D31DBA4116E}.Debug|x64.ActiveCfg = Debug|Any CPU
		{3BB4186C-2F27-4CC1-A253-6D31DBA4116E}.Debug|x64.Build.0 = Debug|Any CPU
		{3BB4186C-2F27-4CC1-A253-6D31DBA4116E}.Debug|x86.ActiveCfg = Debug|Any CPU
		{3BB4186C-2F27-4CC1-A253-6D31DBA4116E}.Debug|x86.Build.0 = Debug|Any CPU
		{3BB4186C-2F27-4CC1-A253-6D31DBA4116E}.Release|Any CPU.ActiveCfg = Release|Any CPU
		{3BB4186C-2F27-4CC1-A253-6D31DBA4116E}.Release|Any CPU.Build.0 = Release|Any CPU
		{3BB4186C-2F27-4CC1-A253-6D31DBA4116E}.Release|x64.ActiveCfg = Release|Any CPU
		{3BB4186C-2F27-4CC1-A253-6D31DBA4116E}.Release|x64.Build.0 = Release|Any CPU
		{3BB4186C-2F27-4CC1-A253-6D31DBA4116E}.Release|x86.ActiveCfg = Release|Any CPU
		{3BB4186C-2F27-4CC1-A253-6D31DBA4116E}.Release|x86.Build.0 = Release|Any CPU
		{EC49FB3F-1484-42CE-8F89-D16166F9A2DE}.Debug|Any CPU.ActiveCfg = Debug|Any CPU
		{EC49FB3F-1484-42CE-8F89-D16166F9A2DE}.Debug|Any CPU.Build.0 = Debug|Any CPU
		{EC49FB3F-1484-42CE-8F89-D16166F9A2DE}.Debug|x64.ActiveCfg = Debug|Any CPU
		{EC49FB3F-1484-42CE-8F89-D16166F9A2DE}.Debug|x64.Build.0 = Debug|Any CPU
		{EC49FB3F-1484-42CE-8F89-D16166F9A2DE}.Debug|x86.ActiveCfg = Debug|Any CPU
		{EC49FB3F-1484-42CE-8F89-D16166F9A2DE}.Debug|x86.Build.0 = Debug|Any CPU
		{EC49FB3F-1484-42CE-8F89-D16166F9A2DE}.Release|Any CPU.ActiveCfg = Release|Any CPU
		{EC49FB3F-1484-42CE-8F89-D16166F9A2DE}.Release|Any CPU.Build.0 = Release|Any CPU
		{EC49FB3F-1484-42CE-8F89-D16166F9A2DE}.Release|x64.ActiveCfg = Release|Any CPU
		{EC49FB3F-1484-42CE-8F89-D16166F9A2DE}.Release|x64.Build.0 = Release|Any CPU
		{EC49FB3F-1484-42CE-8F89-D16166F9A2DE}.Release|x86.ActiveCfg = Release|Any CPU
		{EC49FB3F-1484-42CE-8F89-D16166F9A2DE}.Release|x86.Build.0 = Release|Any CPU
		{345991B8-71E9-4E5F-99D2-DFBE79AAE864}.Debug|Any CPU.ActiveCfg = Debug|Any CPU
		{345991B8-71E9-4E5F-99D2-DFBE79AAE864}.Debug|Any CPU.Build.0 = Debug|Any CPU
		{345991B8-71E9-4E5F-99D2-DFBE79AAE864}.Debug|x64.ActiveCfg = Debug|Any CPU
		{345991B8-71E9-4E5F-99D2-DFBE79AAE864}.Debug|x64.Build.0 = Debug|Any CPU
		{345991B8-71E9-4E5F-99D2-DFBE79AAE864}.Debug|x86.ActiveCfg = Debug|Any CPU
		{345991B8-71E9-4E5F-99D2-DFBE79AAE864}.Debug|x86.Build.0 = Debug|Any CPU
		{345991B8-71E9-4E5F-99D2-DFBE79AAE864}.Release|Any CPU.ActiveCfg = Release|Any CPU
		{345991B8-71E9-4E5F-99D2-DFBE79AAE864}.Release|Any CPU.Build.0 = Release|Any CPU
		{345991B8-71E9-4E5F-99D2-DFBE79AAE864}.Release|x64.ActiveCfg = Release|Any CPU
		{345991B8-71E9-4E5F-99D2-DFBE79AAE864}.Release|x64.Build.0 = Release|Any CPU
		{345991B8-71E9-4E5F-99D2-DFBE79AAE864}.Release|x86.ActiveCfg = Release|Any CPU
		{345991B8-71E9-4E5F-99D2-DFBE79AAE864}.Release|x86.Build.0 = Release|Any CPU
	EndGlobalSection
	GlobalSection(SolutionProperties) = preSolution
		HideSolutionNode = FALSE
	EndGlobalSection
	GlobalSection(NestedProjects) = preSolution
		{AAA31359-1121-4104-9583-E39FE16CAB7B} = {C75C20B4-D3FE-4827-D286-EC8CA2010D11}
		{700D1B62-DC35-41B7-9ED8-359ADE8FE142} = {2C86423F-A6C6-4E5E-548A-1E9DAD63F511}
		{684F43C3-473B-40F5-8D88-6920F8DAA597} = {2C86423F-A6C6-4E5E-548A-1E9DAD63F511}
		{5D3D8562-0FB3-4063-9E8C-1AC9F92CC027} = {2C86423F-A6C6-4E5E-548A-1E9DAD63F511}
		{22D4D7E6-3B48-4F04-9B96-1D2C7B402453} = {3E64CF3D-4175-32AC-945D-B4A323994D08}
		{3BB4186C-2F27-4CC1-A253-6D31DBA4116E} = {3E64CF3D-4175-32AC-945D-B4A323994D08}
		{EC49FB3F-1484-42CE-8F89-D16166F9A2DE} = {3E64CF3D-4175-32AC-945D-B4A323994D08}
		{345991B8-71E9-4E5F-99D2-DFBE79AAE864} = {00D44A39-0BFD-8425-25C4-19319B8596CD}
	EndGlobalSection
EndGlobal
